
Microsoft Visual Studio Solution File, Format Version 12.00
# Visual Studio Version 17
VisualStudioVersion = 17.2.32630.192
MinimumVisualStudioVersion = 10.0.40219.1
Project("{8BC9CEB8-8B4A-11D0-8D11-00A0C91BC942}") = "LEV20", "LEV20.vcxproj", "{658683FC-F7BF-4D0F-B181-76D8C6C9FD9E}"
EndProject
Global
	GlobalSection(SolutionConfigurationPlatforms) = preSolution
		Debug|x64 = Debug|x64
		Debug|x86 = Debug|x86
		Release|x64 = Release|x64
		Release|x86 = Release|x86
	EndGlobalSection
	GlobalSection(ProjectConfigurationPlatforms) = postSolution
		{658683FC-F7BF-4D0F-B181-76D8C6C9FD9E}.Debug|x64.ActiveCfg = Debug|x64
		{658683FC-F7BF-4D0F-B181-76D8C6C9FD9E}.Debug|x64.Build.0 = Debug|x64
		{658683FC-F7BF-4D0F-B181-76D8C6C9FD9E}.Debug|x86.ActiveCfg = Debug|Win32
		{658683FC-F7BF-4D0F-B181-76D8C6C9FD9E}.Debug|x86.Build.0 = Debug|Win32
		{658683FC-F7BF-4D0F-B181-76D8C6C9FD9E}.Release|x64.ActiveCfg = Release|x64
		{658683FC-F7BF-4D0F-B181-76D8C6C9FD9E}.Release|x64.Build.0 = Release|x64
		{658683FC-F7BF-4D0F-B181-76D8C6C9FD9E}.Release|x86.ActiveCfg = Release|Win32
		{658683FC-F7BF-4D0F-B181-76D8C6C9FD9E}.Release|x86.Build.0 = Release|Win32
	EndGlobalSection
	GlobalSection(SolutionProperties) = preSolution
		HideSolutionNode = FALSE
	EndGlobalSection
	GlobalSection(ExtensibilityGlobals) = postSolution
		SolutionGuid = {8EF3B80A-0397-4900-B91E-0BE668201992}
	EndGlobalSection
EndGlobal
